
Microsoft Visual Studio Solution File, Format Version 12.00
# Visual Studio 2012
Project("{FAE04EC0-301F-11D3-BF4B-00C04F79EFBC}") = "QLNHAHANGWS", "QLNHAHANGWS\QLNHAHANGWS.csproj", "{608B6935-9349-43D7-9C8B-D2D7D0592D52}"
EndProject
Global
	GlobalSection(SolutionConfigurationPlatforms) = preSolution
		Debug|Any CPU = Debug|Any CPU
		Release|Any CPU = Release|Any CPU
	EndGlobalSection
	GlobalSection(ProjectConfigurationPlatforms) = postSolution
		{608B6935-9349-43D7-9C8B-D2D7D0592D52}.Debug|Any CPU.ActiveCfg = Debug|Any CPU
		{608B6935-9349-43D7-9C8B-D2D7D0592D52}.Debug|Any CPU.Build.0 = Debug|Any CPU
		{608B6935-9349-43D7-9C8B-D2D7D0592D52}.Release|Any CPU.ActiveCfg = Release|Any CPU
		{608B6935-9349-43D7-9C8B-D2D7D0592D52}.Release|Any CPU.Build.0 = Release|Any CPU
	EndGlobalSection
	GlobalSection(SolutionProperties) = preSolution
		HideSolutionNode = FALSE
	EndGlobalSection
EndGlobal
